{
    "_readme": [
        "This file locks the dependencies of your project to a known state",
        "Read more about it at https://getcomposer.org/doc/01-basic-usage.md#installing-dependencies",
        "This file is @generated automatically"
    ],
    "content-hash": "3ff60041ffc51bb3246e1a64719a84b4",
    "packages": [],
    "packages-dev": [],
    "aliases": [],
    "minimum-stability": "stable",
    "stability-flags": [],
    "prefer-stable": false,
    "prefer-lowest": false,
    "platform": {
        "ext-mbstring": "*",
        "ext-curl": "*",
        "ext-imap": "*",
        "ext-gd": "*",
        "ext-sockets": "*",
        "ext-fileinfo": "*",
        "ext-exif": "*",
        "ext-openssl": "*",
        "ext-zip": "*"
    },
    "platform-dev": [],
    "plugin-api-version": "1.1.0"
}
